
Microsoft Visual Studio Solution File, Format Version 12.00
# Visual Studio 15
VisualStudioVersion = 15.0.27130.2010
MinimumVisualStudioVersion = 10.0.40219.1
Project("{DA7A21FA-8162-4350-AD77-A8D1B671F3ED}") = "10_VS", "10_VS.rxproj", "{D734644F-562B-40E7-8419-0E8F6E58CFBD}"
EndProject
Global
	GlobalSection(SolutionConfigurationPlatforms) = preSolution
		Debug|Any CPU = Debug|Any CPU
		Release|Any CPU = Release|Any CPU
	EndGlobalSection
	GlobalSection(ProjectConfigurationPlatforms) = postSolution
		{D734644F-562B-40E7-8419-0E8F6E58CFBD}.Debug|Any CPU.ActiveCfg = Debug|Any CPU
		{D734644F-562B-40E7-8419-0E8F6E58CFBD}.Debug|Any CPU.Build.0 = Debug|Any CPU
		{D734644F-562B-40E7-8419-0E8F6E58CFBD}.Release|Any CPU.ActiveCfg = Release|Any CPU
		{D734644F-562B-40E7-8419-0E8F6E58CFBD}.Release|Any CPU.Build.0 = Release|Any CPU
	EndGlobalSection
	GlobalSection(SolutionProperties) = preSolution
		HideSolutionNode = FALSE
	EndGlobalSection
	GlobalSection(ExtensibilityGlobals) = postSolution
		SolutionGuid = {0EDED7D7-6C0E-4D81-9F71-D9B8F810EFAC}
	EndGlobalSection
EndGlobal
